{
  "name": "order-manager-app",
  "version": "0.1.0",
  "lockfileVersion": 3,
  "requires": true,
  "packages": {
    "": {
      "name": "order-manager-app",
      "version": "0.1.0",
      "dependencies": {
        "@mdi/font": "^7.4.47",
        "date-fns": "^2.30.0",
        "pinia": "^2.1.7",
        "vue": "^3.4.21",
        "vue-router": "^4.3.0",
        "vuetify": "^3.6.8"
      },
      "devDependencies": {
        "@types/node": "^20.10.0",
        "@vitejs/plugin-vue": "^5.0.4",
        "vite": "^5.2.8",
        "vite-plugin-vuetify": "^2.0.3"
      }
    },
    "node_modules/@babel/helper-string-parser": {
      "version": "7.27.1",
      "resolved": "https://registry.npmjs.org/@babel/helper-string-parser/-/helper-string-parser-7.27.1.tgz",
      "integrity": "sha512-qMlSxKbpRlAridDExk92nSobyDdpPijUq2DW6oDnUqd0iOGxmQjyqhMIihI9+zv4LPyZdRje2cavWPbCbWm3eA==",
      "license": "MIT",
      "engines": {
        "node": ">=6.9.0"
      }
    },
    "node_modules/@babel/helper-validator-identifier": {
      "version": "7.27.1",
      "resolved": "https://registry.npmjs.org/@babel/helper-validator-identifier/-/helper-validator-identifier-7.27.1.tgz",
      "integrity": "sha512-D2hP9eA+Sqx1kBZgzxZh0y1trbuU+JoDkiEwqhQ36nodYqJwyEIhPSdMNd7lOm/4io72luTPWH20Yda0xOuUow==",
      "license": "MIT",
      "engines": {
        "node": ">=6.9.0"
      }
    },
    "node_modules/@babel/parser": {
      "version": "7.28.4",
      "resolved": "https://registry.npmjs.org/@babel/parser/-/parser-7.28.4.tgz",
      "integrity": "sha512-yZbBqeM6TkpP9du/I2pUZnJsRMGGvOuIrhjzC1AwHwW+6he4mni6Bp/m8ijn0iOuZuPI2BfkCoSRunpyjnrQKg==",
      "license": "MIT",
      "dependencies": {
        "@babel/types": "^7.28.4"
      },
      "bin": {
        "parser": "bin/babel-parser.js"
      },
      "engines": {
        "node": ">=6.0.0"
      }
    },
    "node_modules/@babel/runtime": {
      "version": "7.28.4",
      "resolved": "https://registry.npmjs.org/@babel/runtime/-/runtime-7.28.4.tgz",
      "integrity": "sha512-Q/N6JNWvIvPnLDvjlE1OUBLPQHH6l3CltCEsHIujp45zQUSSh8K+gHnaEX45yAT1nyngnINhvWtzN+Nb9D8RAQ==",
      "license": "MIT",
      "engines": {
        "node": ">=6.9.0"
      }
    },
    "node_modules/@babel/types": {
      "version": "7.28.4",
      "resolved": "https://registry.npmjs.org/@babel/types/-/types-7.28.4.tgz",
      "integrity": "sha512-bkFqkLhh3pMBUQQkpVgWDWq/lqzc2678eUyDlTBhRqhCHFguYYGM0Efga7tYk4TogG/3x0EEl66/OQ+WGbWB/Q==",
      "license": "MIT",
      "dependencies": {
        "@babel/helper-string-parser": "^7.27.1",
        "@babel/helper-validator-identifier": "^7.27.1"
      },
      "engines": {
        "node": ">=6.9.0"
      }
    },
    "node_modules/@esbuild/linux-x64": {
      "version": "0.21.5",
      "resolved": "https://registry.npmjs.org/@esbuild/linux-x64/-/linux-x64-0.21.5.tgz",
      "integrity": "sha512-1rYdTpyv03iycF1+BhzrzQJCdOuAOtaqHTWJZCWvijKD2N5Xu0TtVC8/+1faWqcP9iBCWOmjmhoH94dH82BxPQ==",
      "cpu": [
        "x64"
      ],
      "license": "MIT",
      "optional": true,
      "os": [
        "linux"
      ],
      "engines": {
        "node": ">=12"
      }
    },
    "node_modules/@jridgewell/sourcemap-codec": {
      "version": "1.5.5",
      "resolved": "https://registry.npmjs.org/@jridgewell/sourcemap-codec/-/sourcemap-codec-1.5.5.tgz",
      "integrity": "sha512-cYQ9310grqxueWbl+WuIUIaiUaDcj7WOq5fVhEljNVgRfOUhY9fy2zTvfoqWsnebh8Sl70VScFbICvJnLKB0Og==",
      "license": "MIT"
    },
    "node_modules/@mdi/font": {
      "version": "7.4.47",
      "resolved": "https://registry.npmjs.org/@mdi/font/-/font-7.4.47.tgz",
      "integrity": "sha512-43MtGpd585SNzHZPcYowu/84Vz2a2g31TvPMTm9uTiCSWzaheQySUcSyUH/46fPnuPQWof2yd0pGBtzee/IQWw==",
      "license": "Apache-2.0"
    },
    "node_modules/@rollup/rollup-linux-x64-gnu": {
      "version": "4.52.0",
      "resolved": "https://registry.npmjs.org/@rollup/rollup-linux-x64-gnu/-/rollup-linux-x64-gnu-4.52.0.tgz",
      "integrity": "sha512-nmSVN+F2i1yKZ7rJNKO3G7ZzmxJgoQBQZ/6c4MuS553Grmr7WqR7LLDcYG53Z2m9409z3JLt4sCOhLdbKQ3HmA==",
      "cpu": [
        "x64"
      ],
      "license": "MIT",
      "optional": true,
      "os": [
        "linux"
      ]
    },
    "node_modules/@rollup/rollup-linux-x64-musl": {
      "version": "4.52.0",
      "resolved": "https://registry.npmjs.org/@rollup/rollup-linux-x64-musl/-/rollup-linux-x64-musl-4.52.0.tgz",
      "integrity": "sha512-2d0qRo33G6TfQVjaMR71P+yJVGODrt5V6+T0BDYH4EMfGgdC/2HWDVjSSFw888GSzAZUwuska3+zxNUCDco6rQ==",
      "cpu": [
        "x64"
      ],
      "license": "MIT",
      "optional": true,
      "os": [
        "linux"
      ]
    },
    "node_modules/@types/estree": {
      "version": "1.0.8",
      "resolved": "https://registry.npmjs.org/@types/estree/-/estree-1.0.8.tgz",
      "integrity": "sha512-dWHzHa2WqEXI/O1E9OjrocMTKJl2mSrEolh1Iomrv6U+JuNwaHXsXx9bLu5gG7BUWFIN0skIQJQ/L1rIex4X6w==",
      "devOptional": true,
      "license": "MIT"
    },
    "node_modules/@types/node": {
      "version": "20.19.19",
      "resolved": "https://registry.npmjs.org/@types/node/-/node-20.19.19.tgz",
      "integrity": "sha512-pb1Uqj5WJP7wrcbLU7Ru4QtA0+3kAXrkutGiD26wUKzSMgNNaPARTUDQmElUXp64kh3cWdou3Q0C7qwwxqSFmg==",
      "devOptional": true,
      "license": "MIT",
      "dependencies": {
        "undici-types": "~6.21.0"
      }
    },
    "node_modules/@vitejs/plugin-vue": {
      "version": "5.2.4",
      "resolved": "https://registry.npmjs.org/@vitejs/plugin-vue/-/plugin-vue-5.2.4.tgz",
      "integrity": "sha512-7Yx/SXSOcQq5HiiV3orevHUFn+pmMB4cgbEkDYgnkUWb0WfeQ/wa2yFv6D5ICiCQOVpjA7vYDXrC7AGO8yjDHA==",
      "dev": true,
      "license": "MIT",
      "engines": {
        "node": "^18.0.0 || >=20.0.0"
      },
      "peerDependencies": {
        "vite": "^5.0.0 || ^6.0.0",
        "vue": "^3.2.25"
      }
    },
    "node_modules/@vue/compiler-core": {
      "version": "3.5.21",
      "resolved": "https://registry.npmjs.org/@vue/compiler-core/-/compiler-core-3.5.21.tgz",
      "integrity": "sha512-8i+LZ0vf6ZgII5Z9XmUvrCyEzocvWT+TeR2VBUVlzIH6Tyv57E20mPZ1bCS+tbejgUgmjrEh7q/0F0bibskAmw==",
      "license": "MIT",
      "dependencies": {
        "@babel/parser": "^7.28.3",
        "@vue/shared": "3.5.21",
        "entities": "^4.5.0",
        "estree-walker": "^2.0.2",
        "source-map-js": "^1.2.1"
      }
    },
    "node_modules/@vue/compiler-dom": {
      "version": "3.5.21",
      "resolved": "https://registry.npmjs.org/@vue/compiler-dom/-/compiler-dom-3.5.21.tgz",
      "integrity": "sha512-jNtbu/u97wiyEBJlJ9kmdw7tAr5Vy0Aj5CgQmo+6pxWNQhXZDPsRr1UWPN4v3Zf82s2H3kF51IbzZ4jMWAgPlQ==",
      "license": "MIT",
      "dependencies": {
        "@vue/compiler-core": "3.5.21",
        "@vue/shared": "3.5.21"
      }
    },
    "node_modules/@vue/compiler-sfc": {
      "version": "3.5.21",
      "resolved": "https://registry.npmjs.org/@vue/compiler-sfc/-/compiler-sfc-3.5.21.tgz",
      "integrity": "sha512-SXlyk6I5eUGBd2v8Ie7tF6ADHE9kCR6mBEuPyH1nUZ0h6Xx6nZI29i12sJKQmzbDyr2tUHMhhTt51Z6blbkTTQ==",
      "license": "MIT",
      "dependencies": {
        "@babel/parser": "^7.28.3",
        "@vue/compiler-core": "3.5.21",
        "@vue/compiler-dom": "3.5.21",
        "@vue/compiler-ssr": "3.5.21",
        "@vue/shared": "3.5.21",
        "estree-walker": "^2.0.2",
        "magic-string": "^0.30.18",
        "postcss": "^8.5.6",
        "source-map-js": "^1.2.1"
      }
    },
    "node_modules/@vue/compiler-ssr": {
      "version": "3.5.21",
      "resolved": "https://registry.npmjs.org/@vue/compiler-ssr/-/compiler-ssr-3.5.21.tgz",
      "integrity": "sha512-vKQ5olH5edFZdf5ZrlEgSO1j1DMA4u23TVK5XR1uMhvwnYvVdDF0nHXJUblL/GvzlShQbjhZZ2uvYmDlAbgo9w==",
      "license": "MIT",
      "dependencies": {
        "@vue/compiler-dom": "3.5.21",
        "@vue/shared": "3.5.21"
      }
    },
    "node_modules/@vue/devtools-api": {
      "version": "6.6.4",
      "resolved": "https://registry.npmjs.org/@vue/devtools-api/-/devtools-api-6.6.4.tgz",
      "integrity": "sha512-sGhTPMuXqZ1rVOk32RylztWkfXTRhuS7vgAKv0zjqk8gbsHkJ7xfFf+jbySxt7tWObEJwyKaHMikV/WGDiQm8g==",
      "license": "MIT"
    },
    "node_modules/@vue/reactivity": {
      "version": "3.5.21",
      "resolved": "https://registry.npmjs.org/@vue/reactivity/-/reactivity-3.5.21.tgz",
      "integrity": "sha512-3ah7sa+Cwr9iiYEERt9JfZKPw4A2UlbY8RbbnH2mGCE8NwHkhmlZt2VsH0oDA3P08X3jJd29ohBDtX+TbD9AsA==",
      "license": "MIT",
      "dependencies": {
        "@vue/shared": "3.5.21"
      }
    },
    "node_modules/@vue/runtime-core": {
      "version": "3.5.21",
      "resolved": "https://registry.npmjs.org/@vue/runtime-core/-/runtime-core-3.5.21.tgz",
      "integrity": "sha512-+DplQlRS4MXfIf9gfD1BOJpk5RSyGgGXD/R+cumhe8jdjUcq/qlxDawQlSI8hCKupBlvM+3eS1se5xW+SuNAwA==",
      "license": "MIT",
      "dependencies": {
        "@vue/reactivity": "3.5.21",
        "@vue/shared": "3.5.21"
      }
    },
    "node_modules/@vue/runtime-dom": {
      "version": "3.5.21",
      "resolved": "https://registry.npmjs.org/@vue/runtime-dom/-/runtime-dom-3.5.21.tgz",
      "integrity": "sha512-3M2DZsOFwM5qI15wrMmNF5RJe1+ARijt2HM3TbzBbPSuBHOQpoidE+Pa+XEaVN+czbHf81ETRoG1ltztP2em8w==",
      "license": "MIT",
      "dependencies": {
        "@vue/reactivity": "3.5.21",
        "@vue/runtime-core": "3.5.21",
        "@vue/shared": "3.5.21",
        "csstype": "^3.1.3"
      }
    },
    "node_modules/@vue/server-renderer": {
      "version": "3.5.21",
      "resolved": "https://registry.npmjs.org/@vue/server-renderer/-/server-renderer-3.5.21.tgz",
      "integrity": "sha512-qr8AqgD3DJPJcGvLcJKQo2tAc8OnXRcfxhOJCPF+fcfn5bBGz7VCcO7t+qETOPxpWK1mgysXvVT/j+xWaHeMWA==",
      "license": "MIT",
      "dependencies": {
        "@vue/compiler-ssr": "3.5.21",
        "@vue/shared": "3.5.21"
      },
      "peerDependencies": {
        "vue": "3.5.21"
      }
    },
    "node_modules/@vue/shared": {
      "version": "3.5.21",
      "resolved": "https://registry.npmjs.org/@vue/shared/-/shared-3.5.21.tgz",
      "integrity": "sha512-+2k1EQpnYuVuu3N7atWyG3/xoFWIVJZq4Mz8XNOdScFI0etES75fbny/oU4lKWk/577P1zmg0ioYvpGEDZ3DLw==",
      "license": "MIT"
    },
    "node_modules/@vuetify/loader-shared": {
      "version": "2.1.1",
      "resolved": "https://registry.npmjs.org/@vuetify/loader-shared/-/loader-shared-2.1.1.tgz",
      "integrity": "sha512-jSZTzTYaoiv8iwonFCVZQ0YYX/M+Uyl4ng+C4egMJT0Hcmh9gIxJL89qfZICDeo3g0IhqrvipW2FFKKRDMtVcA==",
      "devOptional": true,
      "license": "MIT",
      "dependencies": {
        "upath": "^2.0.1"
      },
      "peerDependencies": {
        "vue": "^3.0.0",
        "vuetify": "^3.0.0"
      }
    },
    "node_modules/csstype": {
      "version": "3.1.3",
      "resolved": "https://registry.npmjs.org/csstype/-/csstype-3.1.3.tgz",
      "integrity": "sha512-M1uQkMl8rQK/szD0LNhtqxIPLpimGm8sOBwU7lLnCpSbTyY3yeU1Vc7l4KT5zT4s/yOxHH5O7tIuuLOCnLADRw==",
      "license": "MIT"
    },
    "node_modules/date-fns": {
      "version": "2.30.0",
      "resolved": "https://registry.npmjs.org/date-fns/-/date-fns-2.30.0.tgz",
      "integrity": "sha512-fnULvOpxnC5/Vg3NCiWelDsLiUc9bRwAPs/+LfTLNvetFCtCTN+yQz15C/fs4AwX1R9K5GLtLfn8QW+dWisaAw==",
      "license": "MIT",
      "dependencies": {
        "@babel/runtime": "^7.21.0"
      },
      "engines": {
        "node": ">=0.11"
      },
      "funding": {
        "type": "opencollective",
        "url": "https://opencollective.com/date-fns"
      }
    },
    "node_modules/debug": {
      "version": "4.4.3",
      "resolved": "https://registry.npmjs.org/debug/-/debug-4.4.3.tgz",
      "integrity": "sha512-RGwwWnwQvkVfavKVt22FGLw+xYSdzARwm0ru6DhTVA3umU5hZc28V3kO4stgYryrTlLpuvgI9GiijltAjNbcqA==",
      "devOptional": true,
      "license": "MIT",
      "dependencies": {
        "ms": "^2.1.3"
      },
      "engines": {
        "node": ">=6.0"
      },
      "peerDependenciesMeta": {
        "supports-color": {
          "optional": true
        }
      }
    },
    "node_modules/entities": {
      "version": "4.5.0",
      "resolved": "https://registry.npmjs.org/entities/-/entities-4.5.0.tgz",
      "integrity": "sha512-V0hjH4dGPh9Ao5p0MoRY6BVqtwCjhz6vI5LT8AJ55H+4g9/4vbHx1I54fS0XuclLhDHArPQCiMjDxjaL8fPxhw==",
      "license": "BSD-2-Clause",
      "engines": {
        "node": ">=0.12"
      },
      "funding": {
        "url": "https://github.com/fb55/entities?sponsor=1"
      }
    },
    "node_modules/esbuild": {
      "version": "0.21.5",
      "resolved": "https://registry.npmjs.org/esbuild/-/esbuild-0.21.5.tgz",
      "integrity": "sha512-mg3OPMV4hXywwpoDxu3Qda5xCKQi+vCTZq8S9J/EpkhB2HzKXq4SNFZE3+NK93JYxc8VMSep+lOUSC/RVKaBqw==",
      "devOptional": true,
      "hasInstallScript": true,
      "license": "MIT",
      "bin": {
        "esbuild": "bin/esbuild"
      },
      "engines": {
        "node": ">=12"
      },
      "optionalDependencies": {
        "@esbuild/aix-ppc64": "0.21.5",
        "@esbuild/android-arm": "0.21.5",
        "@esbuild/android-arm64": "0.21.5",
        "@esbuild/android-x64": "0.21.5",
        "@esbuild/darwin-arm64": "0.21.5",
        "@esbuild/darwin-x64": "0.21.5",
        "@esbuild/freebsd-arm64": "0.21.5",
        "@esbuild/freebsd-x64": "0.21.5",
        "@esbuild/linux-arm": "0.21.5",
        "@esbuild/linux-arm64": "0.21.5",
        "@esbuild/linux-ia32": "0.21.5",
        "@esbuild/linux-loong64": "0.21.5",
        "@esbuild/linux-mips64el": "0.21.5",
        "@esbuild/linux-ppc64": "0.21.5",
        "@esbuild/linux-riscv64": "0.21.5",
        "@esbuild/linux-s390x": "0.21.5",
        "@esbuild/linux-x64": "0.21.5",
        "@esbuild/netbsd-x64": "0.21.5",
        "@esbuild/openbsd-x64": "0.21.5",
        "@esbuild/sunos-x64": "0.21.5",
        "@esbuild/win32-arm64": "0.21.5",
        "@esbuild/win32-ia32": "0.21.5",
        "@esbuild/win32-x64": "0.21.5"
      }
    },
    "node_modules/estree-walker": {
      "version": "2.0.2",
      "resolved": "https://registry.npmjs.org/estree-walker/-/estree-walker-2.0.2.tgz",
      "integrity": "sha512-Rfkk/Mp/DL7JVje3u18FxFujQlTNR2q6QfMSMB7AvCBx91NGj/ba3kCfza0f6dVDbw7YlRf/nDrn7pQrCCyQ/w==",
      "license": "MIT"
    },
    "node_modules/magic-string": {
      "version": "0.30.19",
      "resolved": "https://registry.npmjs.org/magic-string/-/magic-string-0.30.19.tgz",
      "integrity": "sha512-2N21sPY9Ws53PZvsEpVtNuSW+ScYbQdp4b9qUaL+9QkHUrGFKo56Lg9Emg5s9V/qrtNBmiR01sYhUOwu3H+VOw==",
      "license": "MIT",
      "dependencies": {
        "@jridgewell/sourcemap-codec": "^1.5.5"
      }
    },
    "node_modules/ms": {
      "version": "2.1.3",
      "resolved": "https://registry.npmjs.org/ms/-/ms-2.1.3.tgz",
      "integrity": "sha512-6FlzubTLZG3J2a/NVCAleEhjzq5oxgHyaCU9yYXvcLsvoVaHJq/s5xXI6/XXP6tz7R9xAOtHnSO/tXtF3WRTlA==",
      "devOptional": true,
      "license": "MIT"
    },
    "node_modules/nanoid": {
      "version": "3.3.11",
      "resolved": "https://registry.npmjs.org/nanoid/-/nanoid-3.3.11.tgz",
      "integrity": "sha512-N8SpfPUnUp1bK+PMYW8qSWdl9U+wwNWI4QKxOYDy9JAro3WMX7p2OeVRF9v+347pnakNevPmiHhNmZ2HbFA76w==",
      "funding": [
        {
          "type": "github",
          "url": "https://github.com/sponsors/ai"
        }
      ],
      "license": "MIT",
      "bin": {
        "nanoid": "bin/nanoid.cjs"
      },
      "engines": {
        "node": "^10 || ^12 || ^13.7 || ^14 || >=15.0.1"
      }
    },
    "node_modules/picocolors": {
      "version": "1.1.1",
      "resolved": "https://registry.npmjs.org/picocolors/-/picocolors-1.1.1.tgz",
      "integrity": "sha512-xceH2snhtb5M9liqDsmEw56le376mTZkEX/jEb/RxNFyegNul7eNslCXP9FDj/Lcu0X8KEyMceP2ntpaHrDEVA==",
      "license": "ISC"
    },
    "node_modules/pinia": {
      "version": "2.3.1",
      "resolved": "https://registry.npmjs.org/pinia/-/pinia-2.3.1.tgz",
      "integrity": "sha512-khUlZSwt9xXCaTbbxFYBKDc/bWAGWJjOgvxETwkTN7KRm66EeT1ZdZj6i2ceh9sP2Pzqsbc704r2yngBrxBVug==",
      "license": "MIT",
      "dependencies": {
        "@vue/devtools-api": "^6.6.3",
        "vue-demi": "^0.14.10"
      },
      "funding": {
        "url": "https://github.com/sponsors/posva"
      },
      "peerDependencies": {
        "typescript": ">=4.4.4",
        "vue": "^2.7.0 || ^3.5.11"
      },
      "peerDependenciesMeta": {
        "typescript": {
          "optional": true
        }
      }
    },
    "node_modules/postcss": {
      "version": "8.5.6",
      "resolved": "https://registry.npmjs.org/postcss/-/postcss-8.5.6.tgz",
      "integrity": "sha512-3Ybi1tAuwAP9s0r1UQ2J4n5Y0G05bJkpUIO0/bI9MhwmD70S5aTWbXGBwxHrelT+XM1k6dM0pk+SwNkpTRN7Pg==",
      "funding": [
        {
          "type": "opencollective",
          "url": "https://opencollective.com/postcss/"
        },
        {
          "type": "tidelift",
          "url": "https://tidelift.com/funding/github/npm/postcss"
        },
        {
          "type": "github",
          "url": "https://github.com/sponsors/ai"
        }
      ],
      "license": "MIT",
      "dependencies": {
        "nanoid": "^3.3.11",
        "picocolors": "^1.1.1",
        "source-map-js": "^1.2.1"
      },
      "engines": {
        "node": "^10 || ^12 || >=14"
      }
    },
    "node_modules/rollup": {
      "version": "4.52.0",
      "resolved": "https://registry.npmjs.org/rollup/-/rollup-4.52.0.tgz",
      "integrity": "sha512-+IuescNkTJQgX7AkIDtITipZdIGcWF0pnVvZTWStiazUmcGA2ag8dfg0urest2XlXUi9kuhfQ+qmdc5Stc3z7g==",
      "devOptional": true,
      "license": "MIT",
      "dependencies": {
        "@types/estree": "1.0.8"
      },
      "bin": {
        "rollup": "dist/bin/rollup"
      },
      "engines": {
        "node": ">=18.0.0",
        "npm": ">=8.0.0"
      },
      "optionalDependencies": {
        "@rollup/rollup-android-arm-eabi": "4.52.0",
        "@rollup/rollup-android-arm64": "4.52.0",
        "@rollup/rollup-darwin-arm64": "4.52.0",
        "@rollup/rollup-darwin-x64": "4.52.0",
        "@rollup/rollup-freebsd-arm64": "4.52.0",
        "@rollup/rollup-freebsd-x64": "4.52.0",
        "@rollup/rollup-linux-arm-gnueabihf": "4.52.0",
        "@rollup/rollup-linux-arm-musleabihf": "4.52.0",
        "@rollup/rollup-linux-arm64-gnu": "4.52.0",
        "@rollup/rollup-linux-arm64-musl": "4.52.0",
        "@rollup/rollup-linux-loong64-gnu": "4.52.0",
        "@rollup/rollup-linux-ppc64-gnu": "4.52.0",
        "@rollup/rollup-linux-riscv64-gnu": "4.52.0",
        "@rollup/rollup-linux-riscv64-musl": "4.52.0",
        "@rollup/rollup-linux-s390x-gnu": "4.52.0",
        "@rollup/rollup-linux-x64-gnu": "4.52.0",
        "@rollup/rollup-linux-x64-musl": "4.52.0",
        "@rollup/rollup-openharmony-arm64": "4.52.0",
        "@rollup/rollup-win32-arm64-msvc": "4.52.0",
        "@rollup/rollup-win32-ia32-msvc": "4.52.0",
        "@rollup/rollup-win32-x64-gnu": "4.52.0",
        "@rollup/rollup-win32-x64-msvc": "4.52.0",
        "fsevents": "~2.3.2"
      }
    },
    "node_modules/source-map-js": {
      "version": "1.2.1",
      "resolved": "https://registry.npmjs.org/source-map-js/-/source-map-js-1.2.1.tgz",
      "integrity": "sha512-UXWMKhLOwVKb728IUtQPXxfYU+usdybtUrK/8uGE8CQMvrhOpwvzDBwj0QhSL7MQc7vIsISBG8VQ8+IDQxpfQA==",
      "license": "BSD-3-Clause",
      "engines": {
        "node": ">=0.10.0"
      }
    },
    "node_modules/undici-types": {
      "version": "6.21.0",
      "resolved": "https://registry.npmjs.org/undici-types/-/undici-types-6.21.0.tgz",
      "integrity": "sha512-iwDZqg0QAGrg9Rav5H4n0M64c3mkR59cJ6wQp+7C4nI0gsmExaedaYLNO44eT4AtBBwjbTiGPMlt2Md0T9H9JQ==",
      "devOptional": true,
      "license": "MIT"
    },
    "node_modules/upath": {
      "version": "2.0.1",
      "resolved": "https://registry.npmjs.org/upath/-/upath-2.0.1.tgz",
      "integrity": "sha512-1uEe95xksV1O0CYKXo8vQvN1JEbtJp7lb7C5U9HMsIp6IVwntkH/oNUzyVNQSd4S1sYk2FpSSW44FqMc8qee5w==",
      "devOptional": true,
      "license": "MIT",
      "engines": {
        "node": ">=4",
        "yarn": "*"
      }
    },
    "node_modules/vite": {
      "version": "5.4.20",
      "resolved": "https://registry.npmjs.org/vite/-/vite-5.4.20.tgz",
      "integrity": "sha512-j3lYzGC3P+B5Yfy/pfKNgVEg4+UtcIJcVRt2cDjIOmhLourAqPqf8P7acgxeiSgUB7E3p2P8/3gNIgDLpwzs4g==",
      "devOptional": true,
      "license": "MIT",
      "dependencies": {
        "esbuild": "^0.21.3",
        "postcss": "^8.4.43",
        "rollup": "^4.20.0"
      },
      "bin": {
        "vite": "bin/vite.js"
      },
      "engines": {
        "node": "^18.0.0 || >=20.0.0"
      },
      "funding": {
        "url": "https://github.com/vitejs/vite?sponsor=1"
      },
      "optionalDependencies": {
        "fsevents": "~2.3.3"
      },
      "peerDependencies": {
        "@types/node": "^18.0.0 || >=20.0.0",
        "less": "*",
        "lightningcss": "^1.21.0",
        "sass": "*",
        "sass-embedded": "*",
        "stylus": "*",
        "sugarss": "*",
        "terser": "^5.4.0"
      },
      "peerDependenciesMeta": {
        "@types/node": {
          "optional": true
        },
        "less": {
          "optional": true
        },
        "lightningcss": {
          "optional": true
        },
        "sass": {
          "optional": true
        },
        "sass-embedded": {
          "optional": true
        },
        "stylus": {
          "optional": true
        },
        "sugarss": {
          "optional": true
        },
        "terser": {
          "optional": true
        }
      }
    },
    "node_modules/vite-plugin-vuetify": {
      "version": "2.1.2",
      "resolved": "https://registry.npmjs.org/vite-plugin-vuetify/-/vite-plugin-vuetify-2.1.2.tgz",
      "integrity": "sha512-I/wd6QS+DO6lHmuGoi1UTyvvBTQ2KDzQZ9oowJQEJ6OcjWfJnscYXx2ptm6S7fJSASuZT8jGRBL3LV4oS3LpaA==",
      "devOptional": true,
      "license": "MIT",
      "dependencies": {
        "@vuetify/loader-shared": "^2.1.1",
        "debug": "^4.3.3",
        "upath": "^2.0.1"
      },
      "engines": {
        "node": "^18.0.0 || >=20.0.0"
      },
      "peerDependencies": {
        "vite": ">=5",
        "vue": "^3.0.0",
        "vuetify": "^3.0.0"
      }
    },
    "node_modules/vue": {
      "version": "3.5.21",
      "resolved": "https://registry.npmjs.org/vue/-/vue-3.5.21.tgz",
      "integrity": "sha512-xxf9rum9KtOdwdRkiApWL+9hZEMWE90FHh8yS1+KJAiWYh+iGWV1FquPjoO9VUHQ+VIhsCXNNyZ5Sf4++RVZBA==",
      "license": "MIT",
      "dependencies": {
        "@vue/compiler-dom": "3.5.21",
        "@vue/compiler-sfc": "3.5.21",
        "@vue/runtime-dom": "3.5.21",
        "@vue/server-renderer": "3.5.21",
        "@vue/shared": "3.5.21"
      },
      "peerDependencies": {
        "typescript": "*"
      },
      "peerDependenciesMeta": {
        "typescript": {
          "optional": true
        }
      }
    },
    "node_modules/vue-demi": {
      "version": "0.14.10",
      "resolved": "https://registry.npmjs.org/vue-demi/-/vue-demi-0.14.10.tgz",
      "integrity": "sha512-nMZBOwuzabUO0nLgIcc6rycZEebF6eeUfaiQx9+WSk8e29IbLvPU9feI6tqW4kTo3hvoYAJkMh8n8D0fuISphg==",
      "hasInstallScript": true,
      "license": "MIT",
      "bin": {
        "vue-demi-fix": "bin/vue-demi-fix.js",
        "vue-demi-switch": "bin/vue-demi-switch.js"
      },
      "engines": {
        "node": ">=12"
      },
      "funding": {
        "url": "https://github.com/sponsors/antfu"
      },
      "peerDependencies": {
        "@vue/composition-api": "^1.0.0-rc.1",
        "vue": "^3.0.0-0 || ^2.6.0"
      },
      "peerDependenciesMeta": {
        "@vue/composition-api": {
          "optional": true
        }
      }
    },
    "node_modules/vue-router": {
      "version": "4.5.1",
      "resolved": "https://registry.npmjs.org/vue-router/-/vue-router-4.5.1.tgz",
      "integrity": "sha512-ogAF3P97NPm8fJsE4by9dwSYtDwXIY1nFY9T6DyQnGHd1E2Da94w9JIolpe42LJGIl0DwOHBi8TcRPlPGwbTtw==",
      "license": "MIT",
      "dependencies": {
        "@vue/devtools-api": "^6.6.4"
      },
      "funding": {
        "url": "https://github.com/sponsors/posva"
      },
      "peerDependencies": {
        "vue": "^3.2.0"
      }
    },
    "node_modules/vuetify": {
      "version": "3.10.2",
      "resolved": "https://registry.npmjs.org/vuetify/-/vuetify-3.10.2.tgz",
      "integrity": "sha512-uuAm+uj170ZWdS0aiomhgtdYOR3/I2yzynskBfYyFB1Fn/HKvlvPDaU3ISZnf0GHIJQENdj7eLg/wTChrIwEQw==",
      "license": "MIT",
      "funding": {
        "type": "github",
        "url": "https://github.com/sponsors/johnleider"
      },
      "peerDependencies": {
        "typescript": ">=4.7",
        "vite-plugin-vuetify": ">=2.1.0",
        "vue": "^3.5.0",
        "webpack-plugin-vuetify": ">=3.1.0"
      },
      "peerDependenciesMeta": {
        "typescript": {
          "optional": true
        },
        "vite-plugin-vuetify": {
          "optional": true
        },
        "webpack-plugin-vuetify": {
          "optional": true
        }
      }
    }
  }
}
